
Microsoft Visual Studio Solution File, Format Version 12.00
# Visual Studio Version 17
VisualStudioVersion = 17.11.35208.52
MinimumVisualStudioVersion = 10.0.40219.1
Project("{FAE04EC0-301F-11D3-BF4B-00C04F79EFBC}") = "BitrateCalculation", "BitrateCalculation\BitrateCalculation.csproj", "{0B99F191-FF1B-4D60-9414-8C39D62AB196}"
EndProject
Global
	GlobalSection(SolutionConfigurationPlatforms) = preSolution
		Debug|Any CPU = Debug|Any CPU
		Release|Any CPU = Release|Any CPU
	EndGlobalSection
	GlobalSection(ProjectConfigurationPlatforms) = postSolution
		{0B99F191-FF1B-4D60-9414-8C39D62AB196}.Debug|Any CPU.ActiveCfg = Debug|Any CPU
		{0B99F191-FF1B-4D60-9414-8C39D62AB196}.Debug|Any CPU.Build.0 = Debug|Any CPU
		{0B99F191-FF1B-4D60-9414-8C39D62AB196}.Release|Any CPU.ActiveCfg = Release|Any CPU
		{0B99F191-FF1B-4D60-9414-8C39D62AB196}.Release|Any CPU.Build.0 = Release|Any CPU
	EndGlobalSection
	GlobalSection(SolutionProperties) = preSolution
		HideSolutionNode = FALSE
	EndGlobalSection
	GlobalSection(ExtensibilityGlobals) = postSolution
		SolutionGuid = {A821B163-F2C3-4D49-B3DE-3FE00E327AC5}
	EndGlobalSection
EndGlobal
